
Microsoft Visual Studio Solution File, Format Version 12.00
# Visual Studio Version 16
VisualStudioVersion = 16.0.30002.166
MinimumVisualStudioVersion = 10.0.40219.1
Project("{FAE04EC0-301F-11D3-BF4B-00C04F79EFBC}") = "UserManagement.MVC", "UserManagement.MVC\UserManagement.MVC.csproj", "{22E6E488-8662-494D-8CB7-392E8C84811B}"
EndProject
Global
	GlobalSection(SolutionConfigurationPlatforms) = preSolution
		Debug|Any CPU = Debug|Any CPU
		Release|Any CPU = Release|Any CPU
	EndGlobalSection
	GlobalSection(ProjectConfigurationPlatforms) = postSolution
		{22E6E488-8662-494D-8CB7-392E8C84811B}.Debug|Any CPU.ActiveCfg = Debug|Any CPU
		{22E6E488-8662-494D-8CB7-392E8C84811B}.Debug|Any CPU.Build.0 = Debug|Any CPU
		{22E6E488-8662-494D-8CB7-392E8C84811B}.Release|Any CPU.ActiveCfg = Release|Any CPU
		{22E6E488-8662-494D-8CB7-392E8C84811B}.Release|Any CPU.Build.0 = Release|Any CPU
	EndGlobalSection
	GlobalSection(SolutionProperties) = preSolution
		HideSolutionNode = FALSE
	EndGlobalSection
	GlobalSection(ExtensibilityGlobals) = postSolution
		SolutionGuid = {3F22C135-1D21-4BB4-9BFB-95EB1D461D8F}
	EndGlobalSection
EndGlobal
